
Microsoft Visual Studio Solution File, Format Version 12.00
# Visual Studio Version 16
VisualStudioVersion = 16.0.29318.209
MinimumVisualStudioVersion = 10.0.40219.1
Project("{FAE04EC0-301F-11D3-BF4B-00C04F79EFBC}") = "work_01", "work_01\work_01.csproj", "{D0668F08-A92B-4524-95CC-F3734506702A}"
EndProject
Global
	GlobalSection(SolutionConfigurationPlatforms) = preSolution
		Debug|Any CPU = Debug|Any CPU
		Release|Any CPU = Release|Any CPU
	EndGlobalSection
	GlobalSection(ProjectConfigurationPlatforms) = postSolution
		{D0668F08-A92B-4524-95CC-F3734506702A}.Debug|Any CPU.ActiveCfg = Debug|Any CPU
		{D0668F08-A92B-4524-95CC-F3734506702A}.Debug|Any CPU.Build.0 = Debug|Any CPU
		{D0668F08-A92B-4524-95CC-F3734506702A}.Release|Any CPU.ActiveCfg = Release|Any CPU
		{D0668F08-A92B-4524-95CC-F3734506702A}.Release|Any CPU.Build.0 = Release|Any CPU
	EndGlobalSection
	GlobalSection(SolutionProperties) = preSolution
		HideSolutionNode = FALSE
	EndGlobalSection
	GlobalSection(ExtensibilityGlobals) = postSolution
		SolutionGuid = {77F0886F-CF32-4DD7-A54E-B415FA825EB7}
	EndGlobalSection
EndGlobal
